
Microsoft Visual Studio Solution File, Format Version 12.00
# Visual Studio Version 16
VisualStudioVersion = 16.0.31129.286
MinimumVisualStudioVersion = 10.0.40219.1
Project("{FAE04EC0-301F-11D3-BF4B-00C04F79EFBC}") = "YemekSitesi", "YemekSitesi\YemekSitesi.csproj", "{16A8BE30-93A8-4D09-9CA0-3893E4ABB983}"
EndProject
Global
	GlobalSection(SolutionConfigurationPlatforms) = preSolution
		Debug|Any CPU = Debug|Any CPU
		Release|Any CPU = Release|Any CPU
	EndGlobalSection
	GlobalSection(ProjectConfigurationPlatforms) = postSolution
		{16A8BE30-93A8-4D09-9CA0-3893E4ABB983}.Debug|Any CPU.ActiveCfg = Debug|Any CPU
		{16A8BE30-93A8-4D09-9CA0-3893E4ABB983}.Debug|Any CPU.Build.0 = Debug|Any CPU
		{16A8BE30-93A8-4D09-9CA0-3893E4ABB983}.Release|Any CPU.ActiveCfg = Release|Any CPU
		{16A8BE30-93A8-4D09-9CA0-3893E4ABB983}.Release|Any CPU.Build.0 = Release|Any CPU
	EndGlobalSection
	GlobalSection(SolutionProperties) = preSolution
		HideSolutionNode = FALSE
	EndGlobalSection
	GlobalSection(ExtensibilityGlobals) = postSolution
		SolutionGuid = {087F633E-C16E-4367-A344-EC503424C05D}
	EndGlobalSection
EndGlobal
